
Microsoft Visual Studio Solution File, Format Version 12.00
# Visual Studio Version 16
VisualStudioVersion = 16.0.30011.22
MinimumVisualStudioVersion = 10.0.40219.1
Project("{9A19103F-16F7-4668-BE54-9A1E7A4F7556}") = "SmartStore.API", "SmartStore.API\SmartStore.API.csproj", "{D1FBC6FF-C261-4686-BC60-AEC201D86704}"
EndProject
Project("{9A19103F-16F7-4668-BE54-9A1E7A4F7556}") = "SmartStore.Core", "SmartStore.Core\SmartStore.Core.csproj", "{610B6E80-9B8E-4D8D-83E3-9940E2E96A8C}"
EndProject
Project("{9A19103F-16F7-4668-BE54-9A1E7A4F7556}") = "SmartStore.BusinessServices", "SmartStore.BusinessServices\SmartStore.BusinessServices.csproj", "{AD6DC548-0095-4EF5-9686-1331DF0C0848}"
EndProject
Project("{9A19103F-16F7-4668-BE54-9A1E7A4F7556}") = "SmartStore.DataAccess", "SmartStore.DataAccess\SmartStore.DataAccess.csproj", "{485BD4A6-0867-4365-844F-C68580679AAE}"
EndProject
Project("{FAE04EC0-301F-11D3-BF4B-00C04F79EFBC}") = "SmartStore.Model", "SmartStore.Model\SmartStore.Model.csproj", "{AFF3B61F-299D-40A0-BECC-11D4D2E4DC0A}"
EndProject
Global
	GlobalSection(SolutionConfigurationPlatforms) = preSolution
		Debug|Any CPU = Debug|Any CPU
		Release|Any CPU = Release|Any CPU
	EndGlobalSection
	GlobalSection(ProjectConfigurationPlatforms) = postSolution
		{D1FBC6FF-C261-4686-BC60-AEC201D86704}.Debug|Any CPU.ActiveCfg = Debug|Any CPU
		{D1FBC6FF-C261-4686-BC60-AEC201D86704}.Debug|Any CPU.Build.0 = Debug|Any CPU
		{D1FBC6FF-C261-4686-BC60-AEC201D86704}.Release|Any CPU.ActiveCfg = Release|Any CPU
		{D1FBC6FF-C261-4686-BC60-AEC201D86704}.Release|Any CPU.Build.0 = Release|Any CPU
		{610B6E80-9B8E-4D8D-83E3-9940E2E96A8C}.Debug|Any CPU.ActiveCfg = Debug|Any CPU
		{610B6E80-9B8E-4D8D-83E3-9940E2E96A8C}.Debug|Any CPU.Build.0 = Debug|Any CPU
		{610B6E80-9B8E-4D8D-83E3-9940E2E96A8C}.Release|Any CPU.ActiveCfg = Release|Any CPU
		{610B6E80-9B8E-4D8D-83E3-9940E2E96A8C}.Release|Any CPU.Build.0 = Release|Any CPU
		{AD6DC548-0095-4EF5-9686-1331DF0C0848}.Debug|Any CPU.ActiveCfg = Debug|Any CPU
		{AD6DC548-0095-4EF5-9686-1331DF0C0848}.Debug|Any CPU.Build.0 = Debug|Any CPU
		{AD6DC548-0095-4EF5-9686-1331DF0C0848}.Release|Any CPU.ActiveCfg = Release|Any CPU
		{AD6DC548-0095-4EF5-9686-1331DF0C0848}.Release|Any CPU.Build.0 = Release|Any CPU
		{485BD4A6-0867-4365-844F-C68580679AAE}.Debug|Any CPU.ActiveCfg = Debug|Any CPU
		{485BD4A6-0867-4365-844F-C68580679AAE}.Debug|Any CPU.Build.0 = Debug|Any CPU
		{485BD4A6-0867-4365-844F-C68580679AAE}.Release|Any CPU.ActiveCfg = Release|Any CPU
		{485BD4A6-0867-4365-844F-C68580679AAE}.Release|Any CPU.Build.0 = Release|Any CPU
		{AFF3B61F-299D-40A0-BECC-11D4D2E4DC0A}.Debug|Any CPU.ActiveCfg = Debug|Any CPU
		{AFF3B61F-299D-40A0-BECC-11D4D2E4DC0A}.Debug|Any CPU.Build.0 = Debug|Any CPU
		{AFF3B61F-299D-40A0-BECC-11D4D2E4DC0A}.Release|Any CPU.ActiveCfg = Release|Any CPU
		{AFF3B61F-299D-40A0-BECC-11D4D2E4DC0A}.Release|Any CPU.Build.0 = Release|Any CPU
	EndGlobalSection
	GlobalSection(SolutionProperties) = preSolution
		HideSolutionNode = FALSE
	EndGlobalSection
	GlobalSection(ExtensibilityGlobals) = postSolution
		SolutionGuid = {E1B20CEE-4CE3-4075-B038-2179CA3FB4A6}
	EndGlobalSection
EndGlobal
